
Microsoft Visual Studio Solution File, Format Version 12.00
# Visual Studio 2012
Project("{FAE04EC0-301F-11D3-BF4B-00C04F79EFBC}") = "JsonInputFormatter", "JsonInputFormatter.csproj", "{AA9AE007-65EF-4BCE-B580-2D1CE90F0E79}"
EndProject
Project("{2150E333-8FDC-42A3-9474-1A3956D46DE8}") = ".nuget", ".nuget", "{AF4AD95A-58A6-4BEC-BE29-59E01AEFEB3E}"
Project("{2150E333-8FDC-42A3-9474-1A3956D46DE8}") = ".nuget", ".nuget", "{4A7634E3-4AE3-42F9-8BBE-6F561A56DE8B}"
	ProjectSection(SolutionItems) = preProject
		.nuget\NuGet.Config = .nuget\NuGet.Config
		.nuget\NuGet.exe = .nuget\NuGet.exe
		.nuget\NuGet.targets = .nuget\NuGet.targets
	EndProjectSection
EndProject
Global
	GlobalSection(SolutionConfigurationPlatforms) = preSolution
		Debug|Any CPU = Debug|Any CPU
		Release|Any CPU = Release|Any CPU
	EndGlobalSection
	GlobalSection(ProjectConfigurationPlatforms) = postSolution
		{AA9AE007-65EF-4BCE-B580-2D1CE90F0E79}.Debug|Any CPU.ActiveCfg = Debug|Any CPU
		{AA9AE007-65EF-4BCE-B580-2D1CE90F0E79}.Debug|Any CPU.Build.0 = Debug|Any CPU
		{AA9AE007-65EF-4BCE-B580-2D1CE90F0E79}.Release|Any CPU.ActiveCfg = Release|Any CPU
		{AA9AE007-65EF-4BCE-B580-2D1CE90F0E79}.Release|Any CPU.Build.0 = Release|Any CPU
	EndGlobalSection
	GlobalSection(SolutionProperties) = preSolution
		HideSolutionNode = FALSE
	EndGlobalSection
EndGlobal
